
Microsoft Visual Studio Solution File, Format Version 12.00
# Visual Studio 15
VisualStudioVersion = 15.0.28307.271
MinimumVisualStudioVersion = 10.0.40219.1
Project("{FAE04EC0-301F-11D3-BF4B-00C04F79EFBC}") = "AppTec43.Android", "AppTec43\AppTec43.Android\AppTec43.Android.csproj", "{F3024C44-592D-42D1-B5C5-8C563B865750}"
EndProject
Project("{FAE04EC0-301F-11D3-BF4B-00C04F79EFBC}") = "AppTec43.iOS", "AppTec43\AppTec43.iOS\AppTec43.iOS.csproj", "{0F940D60-711E-402D-8E37-A2B17ECDE21A}"
EndProject
Project("{FAE04EC0-301F-11D3-BF4B-00C04F79EFBC}") = "AppTec43.UWP", "AppTec43\AppTec43.UWP\AppTec43.UWP.csproj", "{789D98A1-2CDA-41B7-AE1B-8F0165A34788}"
EndProject
Project("{FAE04EC0-301F-11D3-BF4B-00C04F79EFBC}") = "AppTec43", "AppTec43\AppTec43\AppTec43.csproj", "{28DFCA03-B94A-4431-B415-5CF28AA0B6BF}"
EndProject
Global
	GlobalSection(SolutionConfigurationPlatforms) = preSolution
		Ad-Hoc|Any CPU = Ad-Hoc|Any CPU
		Ad-Hoc|ARM = Ad-Hoc|ARM
		Ad-Hoc|iPhone = Ad-Hoc|iPhone
		Ad-Hoc|iPhoneSimulator = Ad-Hoc|iPhoneSimulator
		Ad-Hoc|x64 = Ad-Hoc|x64
		Ad-Hoc|x86 = Ad-Hoc|x86
		AppStore|Any CPU = AppStore|Any CPU
		AppStore|ARM = AppStore|ARM
		AppStore|iPhone = AppStore|iPhone
		AppStore|iPhoneSimulator = AppStore|iPhoneSimulator
		AppStore|x64 = AppStore|x64
		AppStore|x86 = AppStore|x86
		Debug|Any CPU = Debug|Any CPU
		Debug|ARM = Debug|ARM
		Debug|iPhone = Debug|iPhone
		Debug|iPhoneSimulator = Debug|iPhoneSimulator
		Debug|x64 = Debug|x64
		Debug|x86 = Debug|x86
		Release|Any CPU = Release|Any CPU
		Release|ARM = Release|ARM
		Release|iPhone = Release|iPhone
		Release|iPhoneSimulator = Release|iPhoneSimulator
		Release|x64 = Release|x64
		Release|x86 = Release|x86
	EndGlobalSection
	GlobalSection(ProjectConfigurationPlatforms) = postSolution
		{F3024C44-592D-42D1-B5C5-8C563B865750}.Ad-Hoc|Any CPU.ActiveCfg = Release|Any CPU
		{F3024C44-592D-42D1-B5C5-8C563B865750}.Ad-Hoc|Any CPU.Build.0 = Release|Any CPU
		{F3024C44-592D-42D1-B5C5-8C563B865750}.Ad-Hoc|Any CPU.Deploy.0 = Release|Any CPU
		{F3024C44-592D-42D1-B5C5-8C563B865750}.Ad-Hoc|ARM.ActiveCfg = Release|Any CPU
		{F3024C44-592D-42D1-B5C5-8C563B865750}.Ad-Hoc|ARM.Build.0 = Release|Any CPU
		{F3024C44-592D-42D1-B5C5-8C563B865750}.Ad-Hoc|ARM.Deploy.0 = Release|Any CPU
		{F3024C44-592D-42D1-B5C5-8C563B865750}.Ad-Hoc|iPhone.ActiveCfg = Release|Any CPU
		{F3024C44-592D-42D1-B5C5-8C563B865750}.Ad-Hoc|iPhone.Build.0 = Release|Any CPU
		{F3024C44-592D-42D1-B5C5-8C563B865750}.Ad-Hoc|iPhone.Deploy.0 = Release|Any CPU
		{F3024C44-592D-42D1-B5C5-8C563B865750}.Ad-Hoc|iPhoneSimulator.ActiveCfg = Release|Any CPU
		{F3024C44-592D-42D1-B5C5-8C563B865750}.Ad-Hoc|iPhoneSimulator.Build.0 = Release|Any CPU
		{F3024C44-592D-42D1-B5C5-8C563B865750}.Ad-Hoc|iPhoneSimulator.Deploy.0 = Release|Any CPU
		{F3024C44-592D-42D1-B5C5-8C563B865750}.Ad-Hoc|x64.ActiveCfg = Release|Any CPU
		{F3024C44-592D-42D1-B5C5-8C563B865750}.Ad-Hoc|x64.Build.0 = Release|Any CPU
		{F3024C44-592D-42D1-B5C5-8C563B865750}.Ad-Hoc|x64.Deploy.0 = Release|Any CPU
		{F3024C44-592D-42D1-B5C5-8C563B865750}.Ad-Hoc|x86.ActiveCfg = Release|Any CPU
		{F3024C44-592D-42D1-B5C5-8C563B865750}.Ad-Hoc|x86.Build.0 = Release|Any CPU
		{F3024C44-592D-42D1-B5C5-8C563B865750}.Ad-Hoc|x86.Deploy.0 = Release|Any CPU
		{F3024C44-592D-42D1-B5C5-8C563B865750}.AppStore|Any CPU.ActiveCfg = Release|Any CPU
		{F3024C44-592D-42D1-B5C5-8C563B865750}.AppStore|Any CPU.Build.0 = Release|Any CPU
		{F3024C44-592D-42D1-B5C5-8C563B865750}.AppStore|Any CPU.Deploy.0 = Release|Any CPU
		{F3024C44-592D-42D1-B5C5-8C563B865750}.AppStore|ARM.ActiveCfg = Release|Any CPU
		{F3024C44-592D-42D1-B5C5-8C563B865750}.AppStore|ARM.Build.0 = Release|Any CPU
		{F3024C44-592D-42D1-B5C5-8C563B865750}.AppStore|ARM.Deploy.0 = Release|Any CPU
		{F3024C44-592D-42D1-B5C5-8C563B865750}.AppStore|iPhone.ActiveCfg = Release|Any CPU
		{F3024C44-592D-42D1-B5C5-8C563B865750}.AppStore|iPhone.Build.0 = Release|Any CPU
		{F3024C44-592D-42D1-B5C5-8C563B865750}.AppStore|iPhone.Deploy.0 = Release|Any CPU
		{F3024C44-592D-42D1-B5C5-8C563B865750}.AppStore|iPhoneSimulator.ActiveCfg = Release|Any CPU
		{F3024C44-592D-42D1-B5C5-8C563B865750}.AppStore|iPhoneSimulator.Build.0 = Release|Any CPU
		{F3024C44-592D-42D1-B5C5-8C563B865750}.AppStore|iPhoneSimulator.Deploy.0 = Release|Any CPU
		{F3024C44-592D-42D1-B5C5-8C563B865750}.AppStore|x64.ActiveCfg = Release|Any CPU
		{F3024C44-592D-42D1-B5C5-8C563B865750}.AppStore|x64.Build.0 = Release|Any CPU
		{F3024C44-592D-42D1-B5C5-8C563B865750}.AppStore|x64.Deploy.0 = Release|Any CPU
		{F3024C44-592D-42D1-B5C5-8C563B865750}.AppStore|x86.ActiveCfg = Release|Any CPU
		{F3024C44-592D-42D1-B5C5-8C563B865750}.AppStore|x86.Build.0 = Release|Any CPU
		{F3024C44-592D-42D1-B5C5-8C563B865750}.AppStore|x86.Deploy.0 = Release|Any CPU
		{F3024C44-592D-42D1-B5C5-8C563B865750}.Debug|Any CPU.ActiveCfg = Debug|Any CPU
		{F3024C44-592D-42D1-B5C5-8C563B865750}.Debug|Any CPU.Build.0 = Debug|Any CPU
		{F3024C44-592D-42D1-B5C5-8C563B865750}.Debug|Any CPU.Deploy.0 = Debug|Any CPU
		{F3024C44-592D-42D1-B5C5-8C563B865750}.Debug|ARM.ActiveCfg = Debug|Any CPU
		{F3024C44-592D-42D1-B5C5-8C563B865750}.Debug|ARM.Build.0 = Debug|Any CPU
		{F3024C44-592D-42D1-B5C5-8C563B865750}.Debug|ARM.Deploy.0 = Debug|Any CPU
		{F3024C44-592D-42D1-B5C5-8C563B865750}.Debug|iPhone.ActiveCfg = Debug|Any CPU
		{F3024C44-592D-42D1-B5C5-8C563B865750}.Debug|iPhone.Build.0 = Debug|Any CPU
		{F3024C44-592D-42D1-B5C5-8C563B865750}.Debug|iPhone.Deploy.0 = Debug|Any CPU
		{F3024C44-592D-42D1-B5C5-8C563B865750}.Debug|iPhoneSimulator.ActiveCfg = Debug|Any CPU
		{F3024C44-592D-42D1-B5C5-8C563B865750}.Debug|iPhoneSimulator.Build.0 = Debug|Any CPU
		{F3024C44-592D-42D1-B5C5-8C563B865750}.Debug|iPhoneSimulator.Deploy.0 = Debug|Any CPU
		{F3024C44-592D-42D1-B5C5-8C563B865750}.Debug|x64.ActiveCfg = Debug|Any CPU
		{F3024C44-592D-42D1-B5C5-8C563B865750}.Debug|x64.Build.0 = Debug|Any CPU
		{F3024C44-592D-42D1-B5C5-8C563B865750}.Debug|x64.Deploy.0 = Debug|Any CPU
		{F3024C44-592D-42D1-B5C5-8C563B865750}.Debug|x86.ActiveCfg = Debug|Any CPU
		{F3024C44-592D-42D1-B5C5-8C563B865750}.Debug|x86.Build.0 = Debug|Any CPU
		{F3024C44-592D-42D1-B5C5-8C563B865750}.Debug|x86.Deploy.0 = Debug|Any CPU
		{F3024C44-592D-42D1-B5C5-8C563B865750}.Release|Any CPU.ActiveCfg = Release|Any CPU
		{F3024C44-592D-42D1-B5C5-8C563B865750}.Release|Any CPU.Build.0 = Release|Any CPU
		{F3024C44-592D-42D1-B5C5-8C563B865750}.Release|Any CPU.Deploy.0 = Release|Any CPU
		{F3024C44-592D-42D1-B5C5-8C563B865750}.Release|ARM.ActiveCfg = Release|Any CPU
		{F3024C44-592D-42D1-B5C5-8C563B865750}.Release|ARM.Build.0 = Release|Any CPU
		{F3024C44-592D-42D1-B5C5-8C563B865750}.Release|ARM.Deploy.0 = Release|Any CPU
		{F3024C44-592D-42D1-B5C5-8C563B865750}.Release|iPhone.ActiveCfg = Release|Any CPU
		{F3024C44-592D-42D1-B5C5-8C563B865750}.Release|iPhone.Build.0 = Release|Any CPU
		{F3024C44-592D-42D1-B5C5-8C563B865750}.Release|iPhone.Deploy.0 = Release|Any CPU
		{F3024C44-592D-42D1-B5C5-8C563B865750}.Release|iPhoneSimulator.ActiveCfg = Release|Any CPU
		{F3024C44-592D-42D1-B5C5-8C563B865750}.Release|iPhoneSimulator.Build.0 = Release|Any CPU
		{F3024C44-592D-42D1-B5C5-8C563B865750}.Release|iPhoneSimulator.Deploy.0 = Release|Any CPU
		{F3024C44-592D-42D1-B5C5-8C563B865750}.Release|x64.ActiveCfg = Release|Any CPU
		{F3024C44-592D-42D1-B5C5-8C563B865750}.Release|x64.Build.0 = Release|Any CPU
		{F3024C44-592D-42D1-B5C5-8C563B865750}.Release|x64.Deploy.0 = Release|Any CPU
		{F3024C44-592D-42D1-B5C5-8C563B865750}.Release|x86.ActiveCfg = Release|Any CPU
		{F3024C44-592D-42D1-B5C5-8C563B865750}.Release|x86.Build.0 = Release|Any CPU
		{F3024C44-592D-42D1-B5C5-8C563B865750}.Release|x86.Deploy.0 = Release|Any CPU
		{0F940D60-711E-402D-8E37-A2B17ECDE21A}.Ad-Hoc|Any CPU.ActiveCfg = Ad-Hoc|iPhone
		{0F940D60-711E-402D-8E37-A2B17ECDE21A}.Ad-Hoc|Any CPU.Build.0 = Ad-Hoc|iPhone
		{0F940D60-711E-402D-8E37-A2B17ECDE21A}.Ad-Hoc|Any CPU.Deploy.0 = Ad-Hoc|iPhone
		{0F940D60-711E-402D-8E37-A2B17ECDE21A}.Ad-Hoc|ARM.ActiveCfg = Ad-Hoc|iPhone
		{0F940D60-711E-402D-8E37-A2B17ECDE21A}.Ad-Hoc|ARM.Build.0 = Ad-Hoc|iPhone
		{0F940D60-711E-402D-8E37-A2B17ECDE21A}.Ad-Hoc|ARM.Deploy.0 = Ad-Hoc|iPhone
		{0F940D60-711E-402D-8E37-A2B17ECDE21A}.Ad-Hoc|iPhone.ActiveCfg = Ad-Hoc|iPhone
		{0F940D60-711E-402D-8E37-A2B17ECDE21A}.Ad-Hoc|iPhone.Build.0 = Ad-Hoc|iPhone
		{0F940D60-711E-402D-8E37-A2B17ECDE21A}.Ad-Hoc|iPhone.Deploy.0 = Ad-Hoc|iPhone
		{0F940D60-711E-402D-8E37-A2B17ECDE21A}.Ad-Hoc|iPhoneSimulator.ActiveCfg = Ad-Hoc|iPhoneSimulator
		{0F940D60-711E-402D-8E37-A2B17ECDE21A}.Ad-Hoc|iPhoneSimulator.Build.0 = Ad-Hoc|iPhoneSimulator
		{0F940D60-711E-402D-8E37-A2B17ECDE21A}.Ad-Hoc|iPhoneSimulator.Deploy.0 = Ad-Hoc|iPhoneSimulator
		{0F940D60-711E-402D-8E37-A2B17ECDE21A}.Ad-Hoc|x64.ActiveCfg = Ad-Hoc|iPhone
		{0F940D60-711E-402D-8E37-A2B17ECDE21A}.Ad-Hoc|x64.Build.0 = Ad-Hoc|iPhone
		{0F940D60-711E-402D-8E37-A2B17ECDE21A}.Ad-Hoc|x64.Deploy.0 = Ad-Hoc|iPhone
		{0F940D60-711E-402D-8E37-A2B17ECDE21A}.Ad-Hoc|x86.ActiveCfg = Ad-Hoc|iPhone
		{0F940D60-711E-402D-8E37-A2B17ECDE21A}.Ad-Hoc|x86.Build.0 = Ad-Hoc|iPhone
		{0F940D60-711E-402D-8E37-A2B17ECDE21A}.Ad-Hoc|x86.Deploy.0 = Ad-Hoc|iPhone
		{0F940D60-711E-402D-8E37-A2B17ECDE21A}.AppStore|Any CPU.ActiveCfg = AppStore|iPhone
		{0F940D60-711E-402D-8E37-A2B17ECDE21A}.AppStore|Any CPU.Build.0 = AppStore|iPhone
		{0F940D60-711E-402D-8E37-A2B17ECDE21A}.AppStore|Any CPU.Deploy.0 = AppStore|iPhone
		{0F940D60-711E-402D-8E37-A2B17ECDE21A}.AppStore|ARM.ActiveCfg = AppStore|iPhone
		{0F940D60-711E-402D-8E37-A2B17ECDE21A}.AppStore|ARM.Build.0 = AppStore|iPhone
		{0F940D60-711E-402D-8E37-A2B17ECDE21A}.AppStore|ARM.Deploy.0 = AppStore|iPhone
		{0F940D60-711E-402D-8E37-A2B17ECDE21A}.AppStore|iPhone.ActiveCfg = AppStore|iPhone
		{0F940D60-711E-402D-8E37-A2B17ECDE21A}.AppStore|iPhone.Build.0 = AppStore|iPhone
		{0F940D60-711E-402D-8E37-A2B17ECDE21A}.AppStore|iPhone.Deploy.0 = AppStore|iPhone
		{0F940D60-711E-402D-8E37-A2B17ECDE21A}.AppStore|iPhoneSimulator.ActiveCfg = AppStore|iPhoneSimulator
		{0F940D60-711E-402D-8E37-A2B17ECDE21A}.AppStore|iPhoneSimulator.Build.0 = AppStore|iPhoneSimulator
		{0F940D60-711E-402D-8E37-A2B17ECDE21A}.AppStore|iPhoneSimulator.Deploy.0 = AppStore|iPhoneSimulator
		{0F940D60-711E-402D-8E37-A2B17ECDE21A}.AppStore|x64.ActiveCfg = AppStore|iPhone
		{0F940D60-711E-402D-8E37-A2B17ECDE21A}.AppStore|x64.Build.0 = AppStore|iPhone
		{0F940D60-711E-402D-8E37-A2B17ECDE21A}.AppStore|x64.Deploy.0 = AppStore|iPhone
		{0F940D60-711E-402D-8E37-A2B17ECDE21A}.AppStore|x86.ActiveCfg = AppStore|iPhone
		{0F940D60-711E-402D-8E37-A2B17ECDE21A}.AppStore|x86.Build.0 = AppStore|iPhone
		{0F940D60-711E-402D-8E37-A2B17ECDE21A}.AppStore|x86.Deploy.0 = AppStore|iPhone
		{0F940D60-711E-402D-8E37-A2B17ECDE21A}.Debug|Any CPU.ActiveCfg = Debug|iPhoneSimulator
		{0F940D60-711E-402D-8E37-A2B17ECDE21A}.Debug|Any CPU.Build.0 = Debug|iPhoneSimulator
		{0F940D60-711E-402D-8E37-A2B17ECDE21A}.Debug|Any CPU.Deploy.0 = Debug|iPhoneSimulator
		{0F940D60-711E-402D-8E37-A2B17ECDE21A}.Debug|ARM.ActiveCfg = Debug|iPhone
		{0F940D60-711E-402D-8E37-A2B17ECDE21A}.Debug|ARM.Build.0 = Debug|iPhone
		{0F940D60-711E-402D-8E37-A2B17ECDE21A}.Debug|ARM.Deploy.0 = Debug|iPhone
		{0F940D60-711E-402D-8E37-A2B17ECDE21A}.Debug|iPhone.ActiveCfg = Debug|iPhone
		{0F940D60-711E-402D-8E37-A2B17ECDE21A}.Debug|iPhone.Build.0 = Debug|iPhone
		{0F940D60-711E-402D-8E37-A2B17ECDE21A}.Debug|iPhone.Deploy.0 = Debug|iPhone
		{0F940D60-711E-402D-8E37-A2B17ECDE21A}.Debug|iPhoneSimulator.ActiveCfg = Debug|iPhoneSimulator
		{0F940D60-711E-402D-8E37-A2B17ECDE21A}.Debug|iPhoneSimulator.Build.0 = Debug|iPhoneSimulator
		{0F940D60-711E-402D-8E37-A2B17ECDE21A}.Debug|iPhoneSimulator.Deploy.0 = Debug|iPhoneSimulator
		{0F940D60-711E-402D-8E37-A2B17ECDE21A}.Debug|x64.ActiveCfg = Debug|iPhone
		{0F940D60-711E-402D-8E37-A2B17ECDE21A}.Debug|x64.Build.0 = Debug|iPhone
		{0F940D60-711E-402D-8E37-A2B17ECDE21A}.Debug|x64.Deploy.0 = Debug|iPhone
		{0F940D60-711E-402D-8E37-A2B17ECDE21A}.Debug|x86.ActiveCfg = Debug|iPhone
		{0F940D60-711E-402D-8E37-A2B17ECDE21A}.Debug|x86.Build.0 = Debug|iPhone
		{0F940D60-711E-402D-8E37-A2B17ECDE21A}.Debug|x86.Deploy.0 = Debug|iPhone
		{0F940D60-711E-402D-8E37-A2B17ECDE21A}.Release|Any CPU.ActiveCfg = Release|iPhone
		{0F940D60-711E-402D-8E37-A2B17ECDE21A}.Release|Any CPU.Build.0 = Release|iPhone
		{0F940D60-711E-402D-8E37-A2B17ECDE21A}.Release|Any CPU.Deploy.0 = Release|iPhone
		{0F940D60-711E-402D-8E37-A2B17ECDE21A}.Release|ARM.ActiveCfg = Release|iPhone
		{0F940D60-711E-402D-8E37-A2B17ECDE21A}.Release|ARM.Build.0 = Release|iPhone
		{0F940D60-711E-402D-8E37-A2B17ECDE21A}.Release|ARM.Deploy.0 = Release|iPhone
		{0F940D60-711E-402D-8E37-A2B17ECDE21A}.Release|iPhone.ActiveCfg = Release|iPhone
		{0F940D60-711E-402D-8E37-A2B17ECDE21A}.Release|iPhone.Build.0 = Release|iPhone
		{0F940D60-711E-402D-8E37-A2B17ECDE21A}.Release|iPhone.Deploy.0 = Release|iPhone
		{0F940D60-711E-402D-8E37-A2B17ECDE21A}.Release|iPhoneSimulator.ActiveCfg = Release|iPhoneSimulator
		{0F940D60-711E-402D-8E37-A2B17ECDE21A}.Release|iPhoneSimulator.Build.0 = Release|iPhoneSimulator
		{0F940D60-711E-402D-8E37-A2B17ECDE21A}.Release|iPhoneSimulator.Deploy.0 = Release|iPhoneSimulator
		{0F940D60-711E-402D-8E37-A2B17ECDE21A}.Release|x64.ActiveCfg = Release|iPhone
		{0F940D60-711E-402D-8E37-A2B17ECDE21A}.Release|x64.Build.0 = Release|iPhone
		{0F940D60-711E-402D-8E37-A2B17ECDE21A}.Release|x64.Deploy.0 = Release|iPhone
		{0F940D60-711E-402D-8E37-A2B17ECDE21A}.Release|x86.ActiveCfg = Release|iPhone
		{0F940D60-711E-402D-8E37-A2B17ECDE21A}.Release|x86.Build.0 = Release|iPhone
		{0F940D60-711E-402D-8E37-A2B17ECDE21A}.Release|x86.Deploy.0 = Release|iPhone
		{789D98A1-2CDA-41B7-AE1B-8F0165A34788}.Ad-Hoc|Any CPU.ActiveCfg = Release|x86
		{789D98A1-2CDA-41B7-AE1B-8F0165A34788}.Ad-Hoc|Any CPU.Build.0 = Release|x86
		{789D98A1-2CDA-41B7-AE1B-8F0165A34788}.Ad-Hoc|Any CPU.Deploy.0 = Release|x86
		{789D98A1-2CDA-41B7-AE1B-8F0165A34788}.Ad-Hoc|ARM.ActiveCfg = Release|ARM
		{789D98A1-2CDA-41B7-AE1B-8F0165A34788}.Ad-Hoc|ARM.Build.0 = Release|ARM
		{789D98A1-2CDA-41B7-AE1B-8F0165A34788}.Ad-Hoc|ARM.Deploy.0 = Release|ARM
		{789D98A1-2CDA-41B7-AE1B-8F0165A34788}.Ad-Hoc|iPhone.ActiveCfg = Release|x86
		{789D98A1-2CDA-41B7-AE1B-8F0165A34788}.Ad-Hoc|iPhone.Build.0 = Release|x86
		{789D98A1-2CDA-41B7-AE1B-8F0165A34788}.Ad-Hoc|iPhone.Deploy.0 = Release|x86
		{789D98A1-2CDA-41B7-AE1B-8F0165A34788}.Ad-Hoc|iPhoneSimulator.ActiveCfg = Release|x86
		{789D98A1-2CDA-41B7-AE1B-8F0165A34788}.Ad-Hoc|iPhoneSimulator.Build.0 = Release|x86
		{789D98A1-2CDA-41B7-AE1B-8F0165A34788}.Ad-Hoc|iPhoneSimulator.Deploy.0 = Release|x86
		{789D98A1-2CDA-41B7-AE1B-8F0165A34788}.Ad-Hoc|x64.ActiveCfg = Release|x64
		{789D98A1-2CDA-41B7-AE1B-8F0165A34788}.Ad-Hoc|x64.Build.0 = Release|x64
		{789D98A1-2CDA-41B7-AE1B-8F0165A34788}.Ad-Hoc|x64.Deploy.0 = Release|x64
		{789D98A1-2CDA-41B7-AE1B-8F0165A34788}.Ad-Hoc|x86.ActiveCfg = Release|x86
		{789D98A1-2CDA-41B7-AE1B-8F0165A34788}.Ad-Hoc|x86.Build.0 = Release|x86
		{789D98A1-2CDA-41B7-AE1B-8F0165A34788}.Ad-Hoc|x86.Deploy.0 = Release|x86
		{789D98A1-2CDA-41B7-AE1B-8F0165A34788}.AppStore|Any CPU.ActiveCfg = Release|x86
		{789D98A1-2CDA-41B7-AE1B-8F0165A34788}.AppStore|Any CPU.Build.0 = Release|x86
		{789D98A1-2CDA-41B7-AE1B-8F0165A34788}.AppStore|Any CPU.Deploy.0 = Release|x86
		{789D98A1-2CDA-41B7-AE1B-8F0165A34788}.AppStore|ARM.ActiveCfg = Release|ARM
		{789D98A1-2CDA-41B7-AE1B-8F0165A34788}.AppStore|ARM.Build.0 = Release|ARM
		{789D98A1-2CDA-41B7-AE1B-8F0165A34788}.AppStore|ARM.Deploy.0 = Release|ARM
		{789D98A1-2CDA-41B7-AE1B-8F0165A34788}.AppStore|iPhone.ActiveCfg = Release|x86
		{789D98A1-2CDA-41B7-AE1B-8F0165A34788}.AppStore|iPhone.Build.0 = Release|x86
		{789D98A1-2CDA-41B7-AE1B-8F0165A34788}.AppStore|iPhone.Deploy.0 = Release|x86
		{789D98A1-2CDA-41B7-AE1B-8F0165A34788}.AppStore|iPhoneSimulator.ActiveCfg = Release|x86
		{789D98A1-2CDA-41B7-AE1B-8F0165A34788}.AppStore|iPhoneSimulator.Build.0 = Release|x86
		{789D98A1-2CDA-41B7-AE1B-8F0165A34788}.AppStore|iPhoneSimulator.Deploy.0 = Release|x86
		{789D98A1-2CDA-41B7-AE1B-8F0165A34788}.AppStore|x64.ActiveCfg = Release|x64
		{789D98A1-2CDA-41B7-AE1B-8F0165A34788}.AppStore|x64.Build.0 = Release|x64
		{789D98A1-2CDA-41B7-AE1B-8F0165A34788}.AppStore|x64.Deploy.0 = Release|x64
		{789D98A1-2CDA-41B7-AE1B-8F0165A34788}.AppStore|x86.ActiveCfg = Release|x86
		{789D98A1-2CDA-41B7-AE1B-8F0165A34788}.AppStore|x86.Build.0 = Release|x86
		{789D98A1-2CDA-41B7-AE1B-8F0165A34788}.AppStore|x86.Deploy.0 = Release|x86
		{789D98A1-2CDA-41B7-AE1B-8F0165A34788}.Debug|Any CPU.ActiveCfg = Debug|x86
		{789D98A1-2CDA-41B7-AE1B-8F0165A34788}.Debug|Any CPU.Build.0 = Debug|x86
		{789D98A1-2CDA-41B7-AE1B-8F0165A34788}.Debug|Any CPU.Deploy.0 = Debug|x86
		{789D98A1-2CDA-41B7-AE1B-8F0165A34788}.Debug|ARM.ActiveCfg = Debug|ARM
		{789D98A1-2CDA-41B7-AE1B-8F0165A34788}.Debug|ARM.Build.0 = Debug|ARM
		{789D98A1-2CDA-41B7-AE1B-8F0165A34788}.Debug|ARM.Deploy.0 = Debug|ARM
		{789D98A1-2CDA-41B7-AE1B-8F0165A34788}.Debug|iPhone.ActiveCfg = Debug|x86
		{789D98A1-2CDA-41B7-AE1B-8F0165A34788}.Debug|iPhone.Build.0 = Debug|x86
		{789D98A1-2CDA-41B7-AE1B-8F0165A34788}.Debug|iPhone.Deploy.0 = Debug|x86
		{789D98A1-2CDA-41B7-AE1B-8F0165A34788}.Debug|iPhoneSimulator.ActiveCfg = Debug|x86
		{789D98A1-2CDA-41B7-AE1B-8F0165A34788}.Debug|iPhoneSimulator.Build.0 = Debug|x86
		{789D98A1-2CDA-41B7-AE1B-8F0165A34788}.Debug|iPhoneSimulator.Deploy.0 = Debug|x86
		{789D98A1-2CDA-41B7-AE1B-8F0165A34788}.Debug|x64.ActiveCfg = Debug|x64
		{789D98A1-2CDA-41B7-AE1B-8F0165A34788}.Debug|x64.Build.0 = Debug|x64
		{789D98A1-2CDA-41B7-AE1B-8F0165A34788}.Debug|x64.Deploy.0 = Debug|x64
		{789D98A1-2CDA-41B7-AE1B-8F0165A34788}.Debug|x86.ActiveCfg = Debug|x86
		{789D98A1-2CDA-41B7-AE1B-8F0165A34788}.Debug|x86.Build.0 = Debug|x86
		{789D98A1-2CDA-41B7-AE1B-8F0165A34788}.Debug|x86.Deploy.0 = Debug|x86
		{789D98A1-2CDA-41B7-AE1B-8F0165A34788}.Release|Any CPU.ActiveCfg = Release|x86
		{789D98A1-2CDA-41B7-AE1B-8F0165A34788}.Release|Any CPU.Build.0 = Release|x86
		{789D98A1-2CDA-41B7-AE1B-8F0165A34788}.Release|Any CPU.Deploy.0 = Release|x86
		{789D98A1-2CDA-41B7-AE1B-8F0165A34788}.Release|ARM.ActiveCfg = Release|ARM
		{789D98A1-2CDA-41B7-AE1B-8F0165A34788}.Release|ARM.Build.0 = Release|ARM
		{789D98A1-2CDA-41B7-AE1B-8F0165A34788}.Release|ARM.Deploy.0 = Release|ARM
		{789D98A1-2CDA-41B7-AE1B-8F0165A34788}.Release|iPhone.ActiveCfg = Release|x86
		{789D98A1-2CDA-41B7-AE1B-8F0165A34788}.Release|iPhone.Build.0 = Release|x86
		{789D98A1-2CDA-41B7-AE1B-8F0165A34788}.Release|iPhone.Deploy.0 = Release|x86
		{789D98A1-2CDA-41B7-AE1B-8F0165A34788}.Release|iPhoneSimulator.ActiveCfg = Release|x86
		{789D98A1-2CDA-41B7-AE1B-8F0165A34788}.Release|iPhoneSimulator.Build.0 = Release|x86
		{789D98A1-2CDA-41B7-AE1B-8F0165A34788}.Release|iPhoneSimulator.Deploy.0 = Release|x86
		{789D98A1-2CDA-41B7-AE1B-8F0165A34788}.Release|x64.ActiveCfg = Release|x64
		{789D98A1-2CDA-41B7-AE1B-8F0165A34788}.Release|x64.Build.0 = Release|x64
		{789D98A1-2CDA-41B7-AE1B-8F0165A34788}.Release|x64.Deploy.0 = Release|x64
		{789D98A1-2CDA-41B7-AE1B-8F0165A34788}.Release|x86.ActiveCfg = Release|x86
		{789D98A1-2CDA-41B7-AE1B-8F0165A34788}.Release|x86.Build.0 = Release|x86
		{789D98A1-2CDA-41B7-AE1B-8F0165A34788}.Release|x86.Deploy.0 = Release|x86
		{28DFCA03-B94A-4431-B415-5CF28AA0B6BF}.Ad-Hoc|Any CPU.ActiveCfg = Debug|Any CPU
		{28DFCA03-B94A-4431-B415-5CF28AA0B6BF}.Ad-Hoc|Any CPU.Build.0 = Debug|Any CPU
		{28DFCA03-B94A-4431-B415-5CF28AA0B6BF}.Ad-Hoc|Any CPU.Deploy.0 = Debug|Any CPU
		{28DFCA03-B94A-4431-B415-5CF28AA0B6BF}.Ad-Hoc|ARM.ActiveCfg = Debug|Any CPU
		{28DFCA03-B94A-4431-B415-5CF28AA0B6BF}.Ad-Hoc|ARM.Build.0 = Debug|Any CPU
		{28DFCA03-B94A-4431-B415-5CF28AA0B6BF}.Ad-Hoc|ARM.Deploy.0 = Debug|Any CPU
		{28DFCA03-B94A-4431-B415-5CF28AA0B6BF}.Ad-Hoc|iPhone.ActiveCfg = Debug|Any CPU
		{28DFCA03-B94A-4431-B415-5CF28AA0B6BF}.Ad-Hoc|iPhone.Build.0 = Debug|Any CPU
		{28DFCA03-B94A-4431-B415-5CF28AA0B6BF}.Ad-Hoc|iPhone.Deploy.0 = Debug|Any CPU
		{28DFCA03-B94A-4431-B415-5CF28AA0B6BF}.Ad-Hoc|iPhoneSimulator.ActiveCfg = Debug|Any CPU
		{28DFCA03-B94A-4431-B415-5CF28AA0B6BF}.Ad-Hoc|iPhoneSimulator.Build.0 = Debug|Any CPU
		{28DFCA03-B94A-4431-B415-5CF28AA0B6BF}.Ad-Hoc|iPhoneSimulator.Deploy.0 = Debug|Any CPU
		{28DFCA03-B94A-4431-B415-5CF28AA0B6BF}.Ad-Hoc|x64.ActiveCfg = Debug|Any CPU
		{28DFCA03-B94A-4431-B415-5CF28AA0B6BF}.Ad-Hoc|x64.Build.0 = Debug|Any CPU
		{28DFCA03-B94A-4431-B415-5CF28AA0B6BF}.Ad-Hoc|x64.Deploy.0 = Debug|Any CPU
		{28DFCA03-B94A-4431-B415-5CF28AA0B6BF}.Ad-Hoc|x86.ActiveCfg = Debug|Any CPU
		{28DFCA03-B94A-4431-B415-5CF28AA0B6BF}.Ad-Hoc|x86.Build.0 = Debug|Any CPU
		{28DFCA03-B94A-4431-B415-5CF28AA0B6BF}.Ad-Hoc|x86.Deploy.0 = Debug|Any CPU
		{28DFCA03-B94A-4431-B415-5CF28AA0B6BF}.AppStore|Any CPU.ActiveCfg = Debug|Any CPU
		{28DFCA03-B94A-4431-B415-5CF28AA0B6BF}.AppStore|Any CPU.Build.0 = Debug|Any CPU
		{28DFCA03-B94A-4431-B415-5CF28AA0B6BF}.AppStore|Any CPU.Deploy.0 = Debug|Any CPU
		{28DFCA03-B94A-4431-B415-5CF28AA0B6BF}.AppStore|ARM.ActiveCfg = Debug|Any CPU
		{28DFCA03-B94A-4431-B415-5CF28AA0B6BF}.AppStore|ARM.Build.0 = Debug|Any CPU
		{28DFCA03-B94A-4431-B415-5CF28AA0B6BF}.AppStore|ARM.Deploy.0 = Debug|Any CPU
		{28DFCA03-B94A-4431-B415-5CF28AA0B6BF}.AppStore|iPhone.ActiveCfg = Debug|Any CPU
		{28DFCA03-B94A-4431-B415-5CF28AA0B6BF}.AppStore|iPhone.Build.0 = Debug|Any CPU
		{28DFCA03-B94A-4431-B415-5CF28AA0B6BF}.AppStore|iPhone.Deploy.0 = Debug|Any CPU
		{28DFCA03-B94A-4431-B415-5CF28AA0B6BF}.AppStore|iPhoneSimulator.ActiveCfg = Debug|Any CPU
		{28DFCA03-B94A-4431-B415-5CF28AA0B6BF}.AppStore|iPhoneSimulator.Build.0 = Debug|Any CPU
		{28DFCA03-B94A-4431-B415-5CF28AA0B6BF}.AppStore|iPhoneSimulator.Deploy.0 = Debug|Any CPU
		{28DFCA03-B94A-4431-B415-5CF28AA0B6BF}.AppStore|x64.ActiveCfg = Debug|Any CPU
		{28DFCA03-B94A-4431-B415-5CF28AA0B6BF}.AppStore|x64.Build.0 = Debug|Any CPU
		{28DFCA03-B94A-4431-B415-5CF28AA0B6BF}.AppStore|x64.Deploy.0 = Debug|Any CPU
		{28DFCA03-B94A-4431-B415-5CF28AA0B6BF}.AppStore|x86.ActiveCfg = Debug|Any CPU
		{28DFCA03-B94A-4431-B415-5CF28AA0B6BF}.AppStore|x86.Build.0 = Debug|Any CPU
		{28DFCA03-B94A-4431-B415-5CF28AA0B6BF}.AppStore|x86.Deploy.0 = Debug|Any CPU
		{28DFCA03-B94A-4431-B415-5CF28AA0B6BF}.Debug|Any CPU.ActiveCfg = Debug|Any CPU
		{28DFCA03-B94A-4431-B415-5CF28AA0B6BF}.Debug|Any CPU.Build.0 = Debug|Any CPU
		{28DFCA03-B94A-4431-B415-5CF28AA0B6BF}.Debug|Any CPU.Deploy.0 = Debug|Any CPU
		{28DFCA03-B94A-4431-B415-5CF28AA0B6BF}.Debug|ARM.ActiveCfg = Debug|Any CPU
		{28DFCA03-B94A-4431-B415-5CF28AA0B6BF}.Debug|ARM.Build.0 = Debug|Any CPU
		{28DFCA03-B94A-4431-B415-5CF28AA0B6BF}.Debug|ARM.Deploy.0 = Debug|Any CPU
		{28DFCA03-B94A-4431-B415-5CF28AA0B6BF}.Debug|iPhone.ActiveCfg = Debug|Any CPU
		{28DFCA03-B94A-4431-B415-5CF28AA0B6BF}.Debug|iPhone.Build.0 = Debug|Any CPU
		{28DFCA03-B94A-4431-B415-5CF28AA0B6BF}.Debug|iPhone.Deploy.0 = Debug|Any CPU
		{28DFCA03-B94A-4431-B415-5CF28AA0B6BF}.Debug|iPhoneSimulator.ActiveCfg = Debug|Any CPU
		{28DFCA03-B94A-4431-B415-5CF28AA0B6BF}.Debug|iPhoneSimulator.Build.0 = Debug|Any CPU
		{28DFCA03-B94A-4431-B415-5CF28AA0B6BF}.Debug|iPhoneSimulator.Deploy.0 = Debug|Any CPU
		{28DFCA03-B94A-4431-B415-5CF28AA0B6BF}.Debug|x64.ActiveCfg = Debug|Any CPU
		{28DFCA03-B94A-4431-B415-5CF28AA0B6BF}.Debug|x64.Build.0 = Debug|Any CPU
		{28DFCA03-B94A-4431-B415-5CF28AA0B6BF}.Debug|x64.Deploy.0 = Debug|Any CPU
		{28DFCA03-B94A-4431-B415-5CF28AA0B6BF}.Debug|x86.ActiveCfg = Debug|Any CPU
		{28DFCA03-B94A-4431-B415-5CF28AA0B6BF}.Debug|x86.Build.0 = Debug|Any CPU
		{28DFCA03-B94A-4431-B415-5CF28AA0B6BF}.Debug|x86.Deploy.0 = Debug|Any CPU
		{28DFCA03-B94A-4431-B415-5CF28AA0B6BF}.Release|Any CPU.ActiveCfg = Release|Any CPU
		{28DFCA03-B94A-4431-B415-5CF28AA0B6BF}.Release|Any CPU.Build.0 = Release|Any CPU
		{28DFCA03-B94A-4431-B415-5CF28AA0B6BF}.Release|Any CPU.Deploy.0 = Release|Any CPU
		{28DFCA03-B94A-4431-B415-5CF28AA0B6BF}.Release|ARM.ActiveCfg = Release|Any CPU
		{28DFCA03-B94A-4431-B415-5CF28AA0B6BF}.Release|ARM.Build.0 = Release|Any CPU
		{28DFCA03-B94A-4431-B415-5CF28AA0B6BF}.Release|ARM.Deploy.0 = Release|Any CPU
		{28DFCA03-B94A-4431-B415-5CF28AA0B6BF}.Release|iPhone.ActiveCfg = Release|Any CPU
		{28DFCA03-B94A-4431-B415-5CF28AA0B6BF}.Release|iPhone.Build.0 = Release|Any CPU
		{28DFCA03-B94A-4431-B415-5CF28AA0B6BF}.Release|iPhone.Deploy.0 = Release|Any CPU
		{28DFCA03-B94A-4431-B415-5CF28AA0B6BF}.Release|iPhoneSimulator.ActiveCfg = Release|Any CPU
		{28DFCA03-B94A-4431-B415-5CF28AA0B6BF}.Release|iPhoneSimulator.Build.0 = Release|Any CPU
		{28DFCA03-B94A-4431-B415-5CF28AA0B6BF}.Release|iPhoneSimulator.Deploy.0 = Release|Any CPU
		{28DFCA03-B94A-4431-B415-5CF28AA0B6BF}.Release|x64.ActiveCfg = Release|Any CPU
		{28DFCA03-B94A-4431-B415-5CF28AA0B6BF}.Release|x64.Build.0 = Release|Any CPU
		{28DFCA03-B94A-4431-B415-5CF28AA0B6BF}.Release|x64.Deploy.0 = Release|Any CPU
		{28DFCA03-B94A-4431-B415-5CF28AA0B6BF}.Release|x86.ActiveCfg = Release|Any CPU
		{28DFCA03-B94A-4431-B415-5CF28AA0B6BF}.Release|x86.Build.0 = Release|Any CPU
		{28DFCA03-B94A-4431-B415-5CF28AA0B6BF}.Release|x86.Deploy.0 = Release|Any CPU
	EndGlobalSection
	GlobalSection(SolutionProperties) = preSolution
		HideSolutionNode = FALSE
	EndGlobalSection
	GlobalSection(ExtensibilityGlobals) = postSolution
		SolutionGuid = {D9C4A7D4-0A55-4CF8-AED7-68E2848A064C}
	EndGlobalSection
EndGlobal
